// !$*UTF8*$!
{
	archiveVersion = 1;
	classes = {
	};
	objectVersion = 51;
	objects = {

/* Begin PBXBuildFile section */
		177F56DB664C17A0B1E56225 /* Pods_DemoSnapKit.framework in Frameworks */ = {isa = PBXBuildFile; fileRef = AA73D73B3A00CDB6B0A43906 /* Pods_DemoSnapKit.framework */; };
		A9084C892387A23C0017B5FF /* SimpleLayoutViewController.swift in Sources */ = {isa = PBXBuildFile; fileRef = A9084C882387A23C0017B5FF /* SimpleLayoutViewController.swift */; };
		A9084C8B2387A2600017B5FF /* BasicLayoutViewController.swift in Sources */ = {isa = PBXBuildFile; fileRef = A9084C8A2387A2600017B5FF /* BasicLayoutViewController.swift */; };
		A956F2012388FC580024C3CE /* LoginViewController.swift in Sources */ = {isa = PBXBuildFile; fileRef = A956F2002388FC580024C3CE /* LoginViewController.swift */; };
		A9976CE923877FB700676E37 /* AppDelegate.swift in Sources */ = {isa = PBXBuildFile; fileRef = A9976CE823877FB700676E37 /* AppDelegate.swift */; };
		A9976CEB23877FB700676E37 /* SceneDelegate.swift in Sources */ = {isa = PBXBuildFile; fileRef = A9976CEA23877FB700676E37 /* SceneDelegate.swift */; };
		A9976CED23877FB700676E37 /* ViewController.swift in Sources */ = {isa = PBXBuildFile; fileRef = A9976CEC23877FB700676E37 /* ViewController.swift */; };
		A9976CF023877FB700676E37 /* Main.storyboard in Resources */ = {isa = PBXBuildFile; fileRef = A9976CEE23877FB700676E37 /* Main.storyboard */; };
		A9976CF223877FB800676E37 /* Assets.xcassets in Resources */ = {isa = PBXBuildFile; fileRef = A9976CF123877FB800676E37 /* Assets.xcassets */; };
		A9976CF523877FB800676E37 /* LaunchScreen.storyboard in Resources */ = {isa = PBXBuildFile; fileRef = A9976CF323877FB800676E37 /* LaunchScreen.storyboard */; };
/* End PBXBuildFile section */

/* Begin PBXFileReference section */
		5A5D3C9B53B3E43D96EB7832 /* Pods-DemoSnapKit.debug.xcconfig */ = {isa = PBXFileReference; includeInIndex = 1; lastKnownFileType = text.xcconfig; name = "Pods-DemoSnapKit.debug.xcconfig"; path = "Target Support Files/Pods-DemoSnapKit/Pods-DemoSnapKit.debug.xcconfig"; sourceTree = "<group>"; };
		96897D2077215734C06EEDD5 /* Pods-DemoSnapKit.release.xcconfig */ = {isa = PBXFileReference; includeInIndex = 1; lastKnownFileType = text.xcconfig; name = "Pods-DemoSnapKit.release.xcconfig"; path = "Target Support Files/Pods-DemoSnapKit/Pods-DemoSnapKit.release.xcconfig"; sourceTree = "<group>"; };
		A9084C882387A23C0017B5FF /* SimpleLayoutViewController.swift */ = {isa = PBXFileReference; lastKnownFileType = sourcecode.swift; path = SimpleLayoutViewController.swift; sourceTree = "<group>"; };
		A9084C8A2387A2600017B5FF /* BasicLayoutViewController.swift */ = {isa = PBXFileReference; lastKnownFileType = sourcecode.swift; path = BasicLayoutViewController.swift; sourceTree = "<group>"; };
		A956F2002388FC580024C3CE /* LoginViewController.swift */ = {isa = PBXFileReference; lastKnownFileType = sourcecode.swift; path = LoginViewController.swift; sourceTree = "<group>"; };
		A9976CE523877FB700676E37 /* DemoSnapKit.app */ = {isa = PBXFileReference; explicitFileType = wrapper.application; includeInIndex = 0; path = DemoSnapKit.app; sourceTree = BUILT_PRODUCTS_DIR; };
		A9976CE823877FB700676E37 /* AppDelegate.swift */ = {isa = PBXFileReference; lastKnownFileType = sourcecode.swift; path = AppDelegate.swift; sourceTree = "<group>"; };
		A9976CEA23877FB700676E37 /* SceneDelegate.swift */ = {isa = PBXFileReference; lastKnownFileType = sourcecode.swift; path = SceneDelegate.swift; sourceTree = "<group>"; };
		A9976CEC23877FB700676E37 /* ViewController.swift */ = {isa = PBXFileReference; lastKnownFileType = sourcecode.swift; path = ViewController.swift; sourceTree = "<group>"; };
		A9976CEF23877FB700676E37 /* Base */ = {isa = PBXFileReference; lastKnownFileType = file.storyboard; name = Base; path = Base.lproj/Main.storyboard; sourceTree = "<group>"; };
		A9976CF123877FB800676E37 /* Assets.xcassets */ = {isa = PBXFileReference; lastKnownFileType = folder.assetcatalog; path = Assets.xcassets; sourceTree = "<group>"; };
		A9976CF423877FB800676E37 /* Base */ = {isa = PBXFileReference; lastKnownFileType = file.storyboard; name = Base; path = Base.lproj/LaunchScreen.storyboard; sourceTree = "<group>"; };
		A9976CF623877FB800676E37 /* Info.plist */ = {isa = PBXFileReference; lastKnownFileType = text.plist.xml; path = Info.plist; sourceTree = "<group>"; };
		AA73D73B3A00CDB6B0A43906 /* Pods_DemoSnapKit.framework */ = {isa = PBXFileReference; explicitFileType = wrapper.framework; includeInIndex = 0; path = Pods_DemoSnapKit.framework; sourceTree = BUILT_PRODUCTS_DIR; };
/* End PBXFileReference section */

/* Begin PBXFrameworksBuildPhase section */
		A9976CE223877FB700676E37 /* Frameworks */ = {
			isa = PBXFrameworksBuildPhase;
			buildActionMask = 2147483647;
			files = (
				177F56DB664C17A0B1E56225 /* Pods_DemoSnapKit.framework in Frameworks */,
			);
			runOnlyForDeploymentPostprocessing = 0;
		};
/* End PBXFrameworksBuildPhase section */

/* Begin PBXGroup section */
		955F1219523831A88DBD207B /* Frameworks */ = {
			isa = PBXGroup;
			children = (
				AA73D73B3A00CDB6B0A43906 /* Pods_DemoSnapKit.framework */,
			);
			name = Frameworks;
			sourceTree = "<group>";
		};
		A9976CDC23877FB700676E37 = {
			isa = PBXGroup;
			children = (
				A9976CE723877FB700676E37 /* DemoSnapKit */,
				A9976CE623877FB700676E37 /* Products */,
				E5723CA7B32791AFDC856E2C /* Pods */,
				955F1219523831A88DBD207B /* Frameworks */,
			);
			sourceTree = "<group>";
		};
		A9976CE623877FB700676E37 /* Products */ = {
			isa = PBXGroup;
			children = (
				A9976CE523877FB700676E37 /* DemoSnapKit.app */,
			);
			name = Products;
			sourceTree = "<group>";
		};
		A9976CE723877FB700676E37 /* DemoSnapKit */ = {
			isa = PBXGroup;
			children = (
				A9976CE823877FB700676E37 /* AppDelegate.swift */,
				A9976CEA23877FB700676E37 /* SceneDelegate.swift */,
				A9976CEC23877FB700676E37 /* ViewController.swift */,
				A9976CEE23877FB700676E37 /* Main.storyboard */,
				A9976CF123877FB800676E37 /* Assets.xcassets */,
				A9976CF323877FB800676E37 /* LaunchScreen.storyboard */,
				A9976CF623877FB800676E37 /* Info.plist */,
				A9084C882387A23C0017B5FF /* SimpleLayoutViewController.swift */,
				A9084C8A2387A2600017B5FF /* BasicLayoutViewController.swift */,
				A956F2002388FC580024C3CE /* LoginViewController.swift */,
			);
			path = DemoSnapKit;
			sourceTree = "<group>";
		};
		E5723CA7B32791AFDC856E2C /* Pods */ = {
			isa = PBXGroup;
			children = (
				5A5D3C9B53B3E43D96EB7832 /* Pods-DemoSnapKit.debug.xcconfig */,
				96897D2077215734C06EEDD5 /* Pods-DemoSnapKit.release.xcconfig */,
			);
			path = Pods;
			sourceTree = "<group>";
		};
/* End PBXGroup section */

/* Begin PBXNativeTarget section */
		A9976CE423877FB700676E37 /* DemoSnapKit */ = {
			isa = PBXNativeTarget;
			buildConfigurationList = A9976CF923877FB800676E37 /* Build configuration list for PBXNativeTarget "DemoSnapKit" */;
			buildPhases = (
				E7FF5E62C7293BD94B615222 /* [CP] Check Pods Manifest.lock */,
				A9976CE123877FB700676E37 /* Sources */,
				A9976CE223877FB700676E37 /* Frameworks */,
				A9976CE323877FB700676E37 /* Resources */,
				F00E3FC61A0C2DF9552E5480 /* [CP] Embed Pods Frameworks */,
			);
			buildRules = (
			);
			dependencies = (
			);
			name = DemoSnapKit;
			productName = DemoSnapKit;
			productReference = A9976CE523877FB700676E37 /* DemoSnapKit.app */;
			productType = "com.apple.product-type.application";
		};
/* End PBXNativeTarget section */

/* Begin PBXProject section */
		A9976CDD23877FB700676E37 /* Project object */ = {
			isa = PBXProject;
			attributes = {
				LastSwiftUpdateCheck = 1120;
				LastUpgradeCheck = 1120;
				ORGANIZATIONNAME = Taof;
				TargetAttributes = {
					A9976CE423877FB700676E37 = {
						CreatedOnToolsVersion = 11.2.1;
					};
				};
			};
			buildConfigurationList = A9976CE023877FB700676E37 /* Build configuration list for PBXProject "DemoSnapKit" */;
			compatibilityVersion = "Xcode 9.3";
			developmentRegion = en;
			hasScannedForEncodings = 0;
			knownRegions = (
				en,
				Base,
			);
			mainGroup = A9976CDC23877FB700676E37;
			productRefGroup = A9976CE623877FB700676E37 /* Products */;
			projectDirPath = "";
			projectRoot = "";
			targets = (
				A9976CE423877FB700676E37 /* DemoSnapKit */,
			);
		};
/* End PBXProject section */

/* Begin PBXResourcesBuildPhase section */
		A9976CE323877FB700676E37 /* Resources */ = {
			isa = PBXResourcesBuildPhase;
			buildActionMask = 2147483647;
			files = (
				A9976CF523877FB800676E37 /* LaunchScreen.storyboard in Resources */,
				A9976CF223877FB800676E37 /* Assets.xcassets in Resources */,
				A9976CF023877FB700676E37 /* Main.storyboard in Resources */,
			);
			runOnlyForDeploymentPostprocessing = 0;
		};
/* End PBXResourcesBuildPhase section */

/* Begin PBXShellScriptBuildPhase section */
		E7FF5E62C7293BD94B615222 /* [CP] Check Pods Manifest.lock */ = {
			isa = PBXShellScriptBuildPhase;
			buildActionMask = 2147483647;
			files = (
			);
			inputFileListPaths = (
			);
			inputPaths = (
				"${PODS_PODFILE_DIR_PATH}/Podfile.lock",
				"${PODS_ROOT}/Manifest.lock",
			);
			name = "[CP] Check Pods Manifest.lock";
			outputFileListPaths = (
			);
			outputPaths = (
				"$(DERIVED_FILE_DIR)/Pods-DemoSnapKit-checkManifestLockResult.txt",
			);
			runOnlyForDeploymentPostprocessing = 0;
			shellPath = /bin/sh;
			shellScript = "diff \"${PODS_PODFILE_DIR_PATH}/Podfile.lock\" \"${PODS_ROOT}/Manifest.lock\" > /dev/null\nif [ $? != 0 ] ; then\n    # print error to STDERR\n    echo \"error: The sandbox is not in sync with the Podfile.lock. Run 'pod install' or update your CocoaPods installation.\" >&2\n    exit 1\nfi\n# This output is used by Xcode 'outputs' to avoid re-running this script phase.\necho \"SUCCESS\" > \"${SCRIPT_OUTPUT_FILE_0}\"\n";
			showEnvVarsInLog = 0;
		};
		F00E3FC61A0C2DF9552E5480 /* [CP] Embed Pods Frameworks */ = {
			isa = PBXShellScriptBuildPhase;
			buildActionMask = 2147483647;
			files = (
			);
			inputFileListPaths = (
				"${PODS_ROOT}/Target Support Files/Pods-DemoSnapKit/Pods-DemoSnapKit-frameworks-${CONFIGURATION}-input-files.xcfilelist",
			);
			name = "[CP] Embed Pods Frameworks";
			outputFileListPaths = (
				"${PODS_ROOT}/Target Support Files/Pods-DemoSnapKit/Pods-DemoSnapKit-frameworks-${CONFIGURATION}-output-files.xcfilelist",
			);
			runOnlyForDeploymentPostprocessing = 0;
			shellPath = /bin/sh;
			shellScript = "\"${PODS_ROOT}/Target Support Files/Pods-DemoSnapKit/Pods-DemoSnapKit-frameworks.sh\"\n";
			showEnvVarsInLog = 0;
		};
/* End PBXShellScriptBuildPhase section */

/* Begin PBXSourcesBuildPhase section */
		A9976CE123877FB700676E37 /* Sources */ = {
			isa = PBXSourcesBuildPhase;
			buildActionMask = 2147483647;
			files = (
				A956F2012388FC580024C3CE /* LoginViewController.swift in Sources */,
				A9084C8B2387A2600017B5FF /* BasicLayoutViewController.swift in Sources */,
				A9084C892387A23C0017B5FF /* SimpleLayoutViewController.swift in Sources */,
				A9976CED23877FB700676E37 /* ViewController.swift in Sources */,
				A9976CE923877FB700676E37 /* AppDelegate.swift in Sources */,
				A9976CEB23877FB700676E37 /* SceneDelegate.swift in Sources */,
			);
			runOnlyForDeploymentPostprocessing = 0;
		};
/* End PBXSourcesBuildPhase section */

/* Begin PBXVariantGroup section */
		A9976CEE23877FB700676E37 /* Main.storyboard */ = {
			isa = PBXVariantGroup;
			children = (
				A9976CEF23877FB700676E37 /* Base */,
			);
			name = Main.storyboard;
			sourceTree = "<group>";
		};
		A9976CF323877FB800676E37 /* LaunchScreen.storyboard */ = {
			isa = PBXVariantGroup;
			children = (
				A9976CF423877FB800676E37 /* Base */,
			);
			name = LaunchScreen.storyboard;
			sourceTree = "<group>";
		};
/* End PBXVariantGroup section */

/* Begin XCBuildConfiguration section */
		A9976CF723877FB800676E37 /* Debug */ = {
			isa = XCBuildConfiguration;
			buildSettings = {
				ALWAYS_SEARCH_USER_PATHS = NO;
				CLANG_ANALYZER_NONNULL = YES;
				CLANG_ANALYZER_NUMBER_OBJECT_CONVERSION = YES_AGGRESSIVE;
				CLANG_CXX_LANGUAGE_STANDARD = "gnu++14";
				CLANG_CXX_LIBRARY = "libc++";
				CLANG_ENABLE_MODULES = YES;
				CLANG_ENABLE_OBJC_ARC = YES;
				CLANG_ENABLE_OBJC_WEAK = YES;
				CLANG_WARN_BLOCK_CAPTURE_AUTORELEASING = YES;
				CLANG_WARN_BOOL_CONVERSION = YES;
				CLANG_WARN_COMMA = YES;
				CLANG_WARN_CONSTANT_CONVERSION = YES;
				CLANG_WARN_DEPRECATED_OBJC_IMPLEMENTATIONS = YES;
				CLANG_WARN_DIRECT_OBJC_ISA_USAGE = YES_ERROR;
				CLANG_WARN_DOCUMENTATION_COMMENTS = YES;
				CLANG_WARN_EMPTY_BODY = YES;
				CLANG_WARN_ENUM_CONVERSION = YES;
				CLANG_WARN_INFINITE_RECURSION = YES;
				CLANG_WARN_INT_CONVERSION = YES;
				CLANG_WARN_NON_LITERAL_NULL_CONVERSION = YES;
				CLANG_WARN_OBJC_IMPLICIT_RETAIN_SELF = YES;
				CLANG_WARN_OBJC_LITERAL_CONVERSION = YES;
				CLANG_WARN_OBJC_ROOT_CLASS = YES_ERROR;
				CLANG_WARN_RANGE_LOOP_ANALYSIS = YES;
				CLANG_WARN_STRICT_PROTOTYPES = YES;
				CLANG_WARN_SUSPICIOUS_MOVE = YES;
				CLANG_WARN_UNGUARDED_AVAILABILITY = YES_AGGRESSIVE;
				CLANG_WARN_UNREACHABLE_CODE = YES;
				CLANG_WARN__DUPLICATE_METHOD_MATCH = YES;
				COPY_PHASE_STRIP = NO;
				DEBUG_INFORMATION_FORMAT = dwarf;
				ENABLE_STRICT_OBJC_MSGSEND = YES;
				ENABLE_TESTABILITY = YES;
				GCC_C_LANGUAGE_STANDARD = gnu11;
				GCC_DYNAMIC_NO_PIC = NO;
				GCC_NO_COMMON_BLOCKS = YES;
				GCC_OPTIMIZATION_LEVEL = 0;
				GCC_PREPROCESSOR_DEFINITIONS = (
					"DEBUG=1",
					"$(inherited)",
				);
				GCC_WARN_64_TO_32_BIT_CONVERSION = YES;
				GCC_WARN_ABOUT_RETURN_TYPE = YES_ERROR;
				GCC_WARN_UNDECLARED_SELECTOR = YES;
				GCC_WARN_UNINITIALIZED_AUTOS = YES_AGGRESSIVE;
				GCC_WARN_UNUSED_FUNCTION = YES;
				GCC_WARN_UNUSED_VARIABLE = YES;
				IPHONEOS_DEPLOYMENT_TARGET = 13.2;
				MTL_ENABLE_DEBUG_INFO = INCLUDE_SOURCE;
				MTL_FAST_MATH = YES;
				ONLY_ACTIVE_ARCH = YES;
				SDKROOT = iphoneos;
				SWIFT_ACTIVE_COMPILATION_CONDITIONS = DEBUG;
				SWIFT_OPTIMIZATION_LEVEL = "-Onone";
			};
			name = Debug;
		};
		A9976CF823877FB800676E37 /* Release */ = {
			isa = XCBuildConfiguration;
			buildSettings = {
				ALWAYS_SEARCH_USER_PATHS = NO;
				CLANG_ANALYZER_NONNULL = YES;
				CLANG_ANALYZER_NUMBER_OBJECT_CONVERSION = YES_AGGRESSIVE;
				CLANG_CXX_LANGUAGE_STANDARD = "gnu++14";
				CLANG_CXX_LIBRARY = "libc++";
				CLANG_ENABLE_MODULES = YES;
				CLANG_ENABLE_OBJC_ARC = YES;
				CLANG_ENABLE_OBJC_WEAK = YES;
				CLANG_WARN_BLOCK_CAPTURE_AUTORELEASING = YES;
				CLANG_WARN_BOOL_CONVERSION = YES;
				CLANG_WARN_COMMA = YES;
				CLANG_WARN_CONSTANT_CONVERSION = YES;
				CLANG_WARN_DEPRECATED_OBJC_IMPLEMENTATIONS = YES;
				CLANG_WARN_DIRECT_OBJC_ISA_USAGE = YES_ERROR;
				CLANG_WARN_DOCUMENTATION_COMMENTS = YES;
				CLANG_WARN_EMPTY_BODY = YES;
				CLANG_WARN_ENUM_CONVERSION = YES;
				CLANG_WARN_INFINITE_RECURSION = YES;
				CLANG_WARN_INT_CONVERSION = YES;
				CLANG_WARN_NON_LITERAL_NULL_CONVERSION = YES;
				CLANG_WARN_OBJC_IMPLICIT_RETAIN_SELF = YES;
				CLANG_WARN_OBJC_LITERAL_CONVERSION = YES;
				CLANG_WARN_OBJC_ROOT_CLASS = YES_ERROR;
				CLANG_WARN_RANGE_LOOP_ANALYSIS = YES;
				CLANG_WARN_STRICT_PROTOTYPES = YES;
				CLANG_WARN_SUSPICIOUS_MOVE = YES;
				CLANG_WARN_UNGUARDED_AVAILABILITY = YES_AGGRESSIVE;
				CLANG_WARN_UNREACHABLE_CODE = YES;
				CLANG_WARN__DUPLICATE_METHOD_MATCH = YES;
				COPY_PHASE_STRIP = NO;
				DEBUG_INFORMATION_FORMAT = "dwarf-with-dsym";
				ENABLE_NS_ASSERTIONS = NO;
				ENABLE_STRICT_OBJC_MSGSEND = YES;
				GCC_C_LANGUAGE_STANDARD = gnu11;
				GCC_NO_COMMON_BLOCKS = YES;
				GCC_WARN_64_TO_32_BIT_CONVERSION = YES;
				GCC_WARN_ABOUT_RETURN_TYPE = YES_ERROR;
				GCC_WARN_UNDECLARED_SELECTOR = YES;
				GCC_WARN_UNINITIALIZED_AUTOS = YES_AGGRESSIVE;
				GCC_WARN_UNUSED_FUNCTION = YES;
				GCC_WARN_UNUSED_VARIABLE = YES;
				IPHONEOS_DEPLOYMENT_TARGET = 13.2;
				MTL_ENABLE_DEBUG_INFO = NO;
				MTL_FAST_MATH = YES;
				SDKROOT = iphoneos;
				SWIFT_COMPILATION_MODE = wholemodule;
				SWIFT_OPTIMIZATION_LEVEL = "-O";
				VALIDATE_PRODUCT = YES;
			};
			name = Release;
		};
		A9976CFA23877FB800676E37 /* Debug */ = {
			isa = XCBuildConfiguration;
			baseConfigurationReference = 5A5D3C9B53B3E43D96EB7832 /* Pods-DemoSnapKit.debug.xcconfig */;
			buildSettings = {
				ASSETCATALOG_COMPILER_APPICON_NAME = AppIcon;
				CODE_SIGN_STYLE = Automatic;
				INFOPLIST_FILE = DemoSnapKit/Info.plist;
				IPHONEOS_DEPLOYMENT_TARGET = 10.0;
				LD_RUNPATH_SEARCH_PATHS = (
					"$(inherited)",
					"@executable_path/Frameworks",
				);
				PRODUCT_BUNDLE_IDENTIFIER = com.taoquynh.DemoSnapKit;
				PRODUCT_NAME = "$(TARGET_NAME)";
				SWIFT_VERSION = 5.0;
				TARGETED_DEVICE_FAMILY = "1,2";
			};
			name = Debug;
		};
		A9976CFB23877FB800676E37 /* Release */ = {
			isa = XCBuildConfiguration;
			baseConfigurationReference = 96897D2077215734C06EEDD5 /* Pods-DemoSnapKit.release.xcconfig */;
			buildSettings = {
				ASSETCATALOG_COMPILER_APPICON_NAME = AppIcon;
				CODE_SIGN_STYLE = Automatic;
				INFOPLIST_FILE = DemoSnapKit/Info.plist;
				IPHONEOS_DEPLOYMENT_TARGET = 10.0;
				LD_RUNPATH_SEARCH_PATHS = (
					"$(inherited)",
					"@executable_path/Frameworks",
				);
				PRODUCT_BUNDLE_IDENTIFIER = com.taoquynh.DemoSnapKit;
				PRODUCT_NAME = "$(TARGET_NAME)";
				SWIFT_VERSION = 5.0;
				TARGETED_DEVICE_FAMILY = "1,2";
			};
			name = Release;
		};
/* End XCBuildConfiguration section */

/* Begin XCConfigurationList section */
		A9976CE023877FB700676E37 /* Build configuration list for PBXProject "DemoSnapKit" */ = {
			isa = XCConfigurationList;
			buildConfigurations = (
				A9976CF723877FB800676E37 /* Debug */,
				A9976CF823877FB800676E37 /* Release */,
			);
			defaultConfigurationIsVisible = 0;
			defaultConfigurationName = Release;
		};
		A9976CF923877FB800676E37 /* Build configuration list for PBXNativeTarget "DemoSnapKit" */ = {
			isa = XCConfigurationList;
			buildConfigurations = (
				A9976CFA23877FB800676E37 /* Debug */,
				A9976CFB23877FB800676E37 /* Release */,
			);
			defaultConfigurationIsVisible = 0;
			defaultConfigurationName = Release;
		};
/* End XCConfigurationList section */
	};
	rootObject = A9976CDD23877FB700676E37 /* Project object */;
}
